
Microsoft Visual Studio Solution File, Format Version 12.00
# Visual Studio Version 17
VisualStudioVersion = 17.5.002.0
MinimumVisualStudioVersion = 10.0.40219.1
Project("{9A19103F-16F7-4668-BE54-9A1E7A4F7556}") = "onetime-password-app", "onetime-password-app\onetime-password-app.csproj", "{A504CCCA-8132-46B6-B834-72EB2F149FF0}"
EndProject
Global
	GlobalSection(SolutionConfigurationPlatforms) = preSolution
		Debug|Any CPU = Debug|Any CPU
		Release|Any CPU = Release|Any CPU
	EndGlobalSection
	GlobalSection(ProjectConfigurationPlatforms) = postSolution
		{A504CCCA-8132-46B6-B834-72EB2F149FF0}.Debug|Any CPU.ActiveCfg = Debug|Any CPU
		{A504CCCA-8132-46B6-B834-72EB2F149FF0}.Debug|Any CPU.Build.0 = Debug|Any CPU
		{A504CCCA-8132-46B6-B834-72EB2F149FF0}.Release|Any CPU.ActiveCfg = Release|Any CPU
		{A504CCCA-8132-46B6-B834-72EB2F149FF0}.Release|Any CPU.Build.0 = Release|Any CPU
	EndGlobalSection
	GlobalSection(SolutionProperties) = preSolution
		HideSolutionNode = FALSE
	EndGlobalSection
	GlobalSection(ExtensibilityGlobals) = postSolution
		SolutionGuid = {95B31443-4AEE-4F75-9996-A91AD6893034}
	EndGlobalSection
EndGlobal
